// !$*UTF8*$!
{
	archiveVersion = 1;
	classes = {
	};
	objectVersion = 56;
	objects = {

/* Begin PBXBuildFile section */
		E995E0712B78C6D700FE66DD /* SkhdCheatSheetApp.swift in Sources */ = {isa = PBXBuildFile; fileRef = E995E0702B78C6D700FE66DD /* SkhdCheatSheetApp.swift */; };
		E995E0732B78C6D700FE66DD /* ContentView.swift in Sources */ = {isa = PBXBuildFile; fileRef = E995E0722B78C6D700FE66DD /* ContentView.swift */; };
		E995E0772B78C6D900FE66DD /* Assets.xcassets in Resources */ = {isa = PBXBuildFile; fileRef = E995E0762B78C6D900FE66DD /* Assets.xcassets */; };
		E995E07A2B78C6D900FE66DD /* Preview Assets.xcassets in Resources */ = {isa = PBXBuildFile; fileRef = E995E0792B78C6D900FE66DD /* Preview Assets.xcassets */; };
		E995E0852B78C6D900FE66DD /* SkhdCheatSheetTests.swift in Sources */ = {isa = PBXBuildFile; fileRef = E995E0842B78C6D900FE66DD /* SkhdCheatSheetTests.swift */; };
		E995E08F2B78C6D900FE66DD /* SkhdCheatSheetUITests.swift in Sources */ = {isa = PBXBuildFile; fileRef = E995E08E2B78C6D900FE66DD /* SkhdCheatSheetUITests.swift */; };
		E995E0912B78C6D900FE66DD /* SkhdCheatSheetUITestsLaunchTests.swift in Sources */ = {isa = PBXBuildFile; fileRef = E995E0902B78C6D900FE66DD /* SkhdCheatSheetUITestsLaunchTests.swift */; };
		E995E09E2B78C9A100FE66DD /* CheatsheetViewModel.swift in Sources */ = {isa = PBXBuildFile; fileRef = E995E09D2B78C9A100FE66DD /* CheatsheetViewModel.swift */; };
		E995E0A02B78D87E00FE66DD /* .gitignore in Resources */ = {isa = PBXBuildFile; fileRef = E995E09F2B78D87E00FE66DD /* .gitignore */; };
/* End PBXBuildFile section */

/* Begin PBXContainerItemProxy section */
		E995E0812B78C6D900FE66DD /* PBXContainerItemProxy */ = {
			isa = PBXContainerItemProxy;
			containerPortal = E995E0652B78C6D700FE66DD /* Project object */;
			proxyType = 1;
			remoteGlobalIDString = E995E06C2B78C6D700FE66DD;
			remoteInfo = SkhdCheatSheet;
		};
		E995E08B2B78C6D900FE66DD /* PBXContainerItemProxy */ = {
			isa = PBXContainerItemProxy;
			containerPortal = E995E0652B78C6D700FE66DD /* Project object */;
			proxyType = 1;
			remoteGlobalIDString = E995E06C2B78C6D700FE66DD;
			remoteInfo = SkhdCheatSheet;
		};
/* End PBXContainerItemProxy section */

/* Begin PBXFileReference section */
		E995E06D2B78C6D700FE66DD /* SkhdCheatSheet.app */ = {isa = PBXFileReference; explicitFileType = wrapper.application; includeInIndex = 0; path = SkhdCheatSheet.app; sourceTree = BUILT_PRODUCTS_DIR; };
		E995E0702B78C6D700FE66DD /* SkhdCheatSheetApp.swift */ = {isa = PBXFileReference; lastKnownFileType = sourcecode.swift; path = SkhdCheatSheetApp.swift; sourceTree = "<group>"; };
		E995E0722B78C6D700FE66DD /* ContentView.swift */ = {isa = PBXFileReference; lastKnownFileType = sourcecode.swift; path = ContentView.swift; sourceTree = "<group>"; };
		E995E0762B78C6D900FE66DD /* Assets.xcassets */ = {isa = PBXFileReference; lastKnownFileType = folder.assetcatalog; path = Assets.xcassets; sourceTree = "<group>"; };
		E995E0792B78C6D900FE66DD /* Preview Assets.xcassets */ = {isa = PBXFileReference; lastKnownFileType = folder.assetcatalog; path = "Preview Assets.xcassets"; sourceTree = "<group>"; };
		E995E07B2B78C6D900FE66DD /* SkhdCheatSheet.entitlements */ = {isa = PBXFileReference; lastKnownFileType = text.plist.entitlements; path = SkhdCheatSheet.entitlements; sourceTree = "<group>"; };
		E995E0802B78C6D900FE66DD /* SkhdCheatSheetTests.xctest */ = {isa = PBXFileReference; explicitFileType = wrapper.cfbundle; includeInIndex = 0; path = SkhdCheatSheetTests.xctest; sourceTree = BUILT_PRODUCTS_DIR; };
		E995E0842B78C6D900FE66DD /* SkhdCheatSheetTests.swift */ = {isa = PBXFileReference; lastKnownFileType = sourcecode.swift; path = SkhdCheatSheetTests.swift; sourceTree = "<group>"; };
		E995E08A2B78C6D900FE66DD /* SkhdCheatSheetUITests.xctest */ = {isa = PBXFileReference; explicitFileType = wrapper.cfbundle; includeInIndex = 0; path = SkhdCheatSheetUITests.xctest; sourceTree = BUILT_PRODUCTS_DIR; };
		E995E08E2B78C6D900FE66DD /* SkhdCheatSheetUITests.swift */ = {isa = PBXFileReference; lastKnownFileType = sourcecode.swift; path = SkhdCheatSheetUITests.swift; sourceTree = "<group>"; };
		E995E0902B78C6D900FE66DD /* SkhdCheatSheetUITestsLaunchTests.swift */ = {isa = PBXFileReference; lastKnownFileType = sourcecode.swift; path = SkhdCheatSheetUITestsLaunchTests.swift; sourceTree = "<group>"; };
		E995E09D2B78C9A100FE66DD /* CheatsheetViewModel.swift */ = {isa = PBXFileReference; lastKnownFileType = sourcecode.swift; path = CheatsheetViewModel.swift; sourceTree = "<group>"; };
		E995E09F2B78D87E00FE66DD /* .gitignore */ = {isa = PBXFileReference; lastKnownFileType = text; path = .gitignore; sourceTree = "<group>"; };
/* End PBXFileReference section */

/* Begin PBXFrameworksBuildPhase section */
		E995E06A2B78C6D700FE66DD /* Frameworks */ = {
			isa = PBXFrameworksBuildPhase;
			buildActionMask = 2147483647;
			files = (
			);
			runOnlyForDeploymentPostprocessing = 0;
		};
		E995E07D2B78C6D900FE66DD /* Frameworks */ = {
			isa = PBXFrameworksBuildPhase;
			buildActionMask = 2147483647;
			files = (
			);
			runOnlyForDeploymentPostprocessing = 0;
		};
		E995E0872B78C6D900FE66DD /* Frameworks */ = {
			isa = PBXFrameworksBuildPhase;
			buildActionMask = 2147483647;
			files = (
			);
			runOnlyForDeploymentPostprocessing = 0;
		};
/* End PBXFrameworksBuildPhase section */

/* Begin PBXGroup section */
		E995E0642B78C6D700FE66DD = {
			isa = PBXGroup;
			children = (
				E995E09F2B78D87E00FE66DD /* .gitignore */,
				E995E06F2B78C6D700FE66DD /* SkhdCheatSheet */,
				E995E0832B78C6D900FE66DD /* SkhdCheatSheetTests */,
				E995E08D2B78C6D900FE66DD /* SkhdCheatSheetUITests */,
				E995E06E2B78C6D700FE66DD /* Products */,
			);
			sourceTree = "<group>";
		};
		E995E06E2B78C6D700FE66DD /* Products */ = {
			isa = PBXGroup;
			children = (
				E995E06D2B78C6D700FE66DD /* SkhdCheatSheet.app */,
				E995E0802B78C6D900FE66DD /* SkhdCheatSheetTests.xctest */,
				E995E08A2B78C6D900FE66DD /* SkhdCheatSheetUITests.xctest */,
			);
			name = Products;
			sourceTree = "<group>";
		};
		E995E06F2B78C6D700FE66DD /* SkhdCheatSheet */ = {
			isa = PBXGroup;
			children = (
				E995E0702B78C6D700FE66DD /* SkhdCheatSheetApp.swift */,
				E995E0722B78C6D700FE66DD /* ContentView.swift */,
				E995E0762B78C6D900FE66DD /* Assets.xcassets */,
				E995E07B2B78C6D900FE66DD /* SkhdCheatSheet.entitlements */,
				E995E0782B78C6D900FE66DD /* Preview Content */,
				E995E09D2B78C9A100FE66DD /* CheatsheetViewModel.swift */,
			);
			path = SkhdCheatSheet;
			sourceTree = "<group>";
		};
		E995E0782B78C6D900FE66DD /* Preview Content */ = {
			isa = PBXGroup;
			children = (
				E995E0792B78C6D900FE66DD /* Preview Assets.xcassets */,
			);
			path = "Preview Content";
			sourceTree = "<group>";
		};
		E995E0832B78C6D900FE66DD /* SkhdCheatSheetTests */ = {
			isa = PBXGroup;
			children = (
				E995E0842B78C6D900FE66DD /* SkhdCheatSheetTests.swift */,
			);
			path = SkhdCheatSheetTests;
			sourceTree = "<group>";
		};
		E995E08D2B78C6D900FE66DD /* SkhdCheatSheetUITests */ = {
			isa = PBXGroup;
			children = (
				E995E08E2B78C6D900FE66DD /* SkhdCheatSheetUITests.swift */,
				E995E0902B78C6D900FE66DD /* SkhdCheatSheetUITestsLaunchTests.swift */,
			);
			path = SkhdCheatSheetUITests;
			sourceTree = "<group>";
		};
/* End PBXGroup section */

/* Begin PBXNativeTarget section */
		E995E06C2B78C6D700FE66DD /* SkhdCheatSheet */ = {
			isa = PBXNativeTarget;
			buildConfigurationList = E995E0942B78C6D900FE66DD /* Build configuration list for PBXNativeTarget "SkhdCheatSheet" */;
			buildPhases = (
				E995E0692B78C6D700FE66DD /* Sources */,
				E995E06A2B78C6D700FE66DD /* Frameworks */,
				E995E06B2B78C6D700FE66DD /* Resources */,
			);
			buildRules = (
			);
			dependencies = (
			);
			name = SkhdCheatSheet;
			productName = SkhdCheatSheet;
			productReference = E995E06D2B78C6D700FE66DD /* SkhdCheatSheet.app */;
			productType = "com.apple.product-type.application";
		};
		E995E07F2B78C6D900FE66DD /* SkhdCheatSheetTests */ = {
			isa = PBXNativeTarget;
			buildConfigurationList = E995E0972B78C6D900FE66DD /* Build configuration list for PBXNativeTarget "SkhdCheatSheetTests" */;
			buildPhases = (
				E995E07C2B78C6D900FE66DD /* Sources */,
				E995E07D2B78C6D900FE66DD /* Frameworks */,
				E995E07E2B78C6D900FE66DD /* Resources */,
			);
			buildRules = (
			);
			dependencies = (
				E995E0822B78C6D900FE66DD /* PBXTargetDependency */,
			);
			name = SkhdCheatSheetTests;
			productName = SkhdCheatSheetTests;
			productReference = E995E0802B78C6D900FE66DD /* SkhdCheatSheetTests.xctest */;
			productType = "com.apple.product-type.bundle.unit-test";
		};
		E995E0892B78C6D900FE66DD /* SkhdCheatSheetUITests */ = {
			isa = PBXNativeTarget;
			buildConfigurationList = E995E09A2B78C6D900FE66DD /* Build configuration list for PBXNativeTarget "SkhdCheatSheetUITests" */;
			buildPhases = (
				E995E0862B78C6D900FE66DD /* Sources */,
				E995E0872B78C6D900FE66DD /* Frameworks */,
				E995E0882B78C6D900FE66DD /* Resources */,
			);
			buildRules = (
			);
			dependencies = (
				E995E08C2B78C6D900FE66DD /* PBXTargetDependency */,
			);
			name = SkhdCheatSheetUITests;
			productName = SkhdCheatSheetUITests;
			productReference = E995E08A2B78C6D900FE66DD /* SkhdCheatSheetUITests.xctest */;
			productType = "com.apple.product-type.bundle.ui-testing";
		};
/* End PBXNativeTarget section */

/* Begin PBXProject section */
		E995E0652B78C6D700FE66DD /* Project object */ = {
			isa = PBXProject;
			attributes = {
				BuildIndependentTargetsInParallel = 1;
				LastSwiftUpdateCheck = 1520;
				LastUpgradeCheck = 1520;
				TargetAttributes = {
					E995E06C2B78C6D700FE66DD = {
						CreatedOnToolsVersion = 15.2;
					};
					E995E07F2B78C6D900FE66DD = {
						CreatedOnToolsVersion = 15.2;
						TestTargetID = E995E06C2B78C6D700FE66DD;
					};
					E995E0892B78C6D900FE66DD = {
						CreatedOnToolsVersion = 15.2;
						TestTargetID = E995E06C2B78C6D700FE66DD;
					};
				};
			};
			buildConfigurationList = E995E0682B78C6D700FE66DD /* Build configuration list for PBXProject "SkhdCheatSheet" */;
			compatibilityVersion = "Xcode 14.0";
			developmentRegion = en;
			hasScannedForEncodings = 0;
			knownRegions = (
				en,
				Base,
			);
			mainGroup = E995E0642B78C6D700FE66DD;
			productRefGroup = E995E06E2B78C6D700FE66DD /* Products */;
			projectDirPath = "";
			projectRoot = "";
			targets = (
				E995E06C2B78C6D700FE66DD /* SkhdCheatSheet */,
				E995E07F2B78C6D900FE66DD /* SkhdCheatSheetTests */,
				E995E0892B78C6D900FE66DD /* SkhdCheatSheetUITests */,
			);
		};
/* End PBXProject section */

/* Begin PBXResourcesBuildPhase section */
		E995E06B2B78C6D700FE66DD /* Resources */ = {
			isa = PBXResourcesBuildPhase;
			buildActionMask = 2147483647;
			files = (
				E995E07A2B78C6D900FE66DD /* Preview Assets.xcassets in Resources */,
				E995E0A02B78D87E00FE66DD /* .gitignore in Resources */,
				E995E0772B78C6D900FE66DD /* Assets.xcassets in Resources */,
			);
			runOnlyForDeploymentPostprocessing = 0;
		};
		E995E07E2B78C6D900FE66DD /* Resources */ = {
			isa = PBXResourcesBuildPhase;
			buildActionMask = 2147483647;
			files = (
			);
			runOnlyForDeploymentPostprocessing = 0;
		};
		E995E0882B78C6D900FE66DD /* Resources */ = {
			isa = PBXResourcesBuildPhase;
			buildActionMask = 2147483647;
			files = (
			);
			runOnlyForDeploymentPostprocessing = 0;
		};
/* End PBXResourcesBuildPhase section */

/* Begin PBXSourcesBuildPhase section */
		E995E0692B78C6D700FE66DD /* Sources */ = {
			isa = PBXSourcesBuildPhase;
			buildActionMask = 2147483647;
			files = (
				E995E0732B78C6D700FE66DD /* ContentView.swift in Sources */,
				E995E09E2B78C9A100FE66DD /* CheatsheetViewModel.swift in Sources */,
				E995E0712B78C6D700FE66DD /* SkhdCheatSheetApp.swift in Sources */,
			);
			runOnlyForDeploymentPostprocessing = 0;
		};
		E995E07C2B78C6D900FE66DD /* Sources */ = {
			isa = PBXSourcesBuildPhase;
			buildActionMask = 2147483647;
			files = (
				E995E0852B78C6D900FE66DD /* SkhdCheatSheetTests.swift in Sources */,
			);
			runOnlyForDeploymentPostprocessing = 0;
		};
		E995E0862B78C6D900FE66DD /* Sources */ = {
			isa = PBXSourcesBuildPhase;
			buildActionMask = 2147483647;
			files = (
				E995E0912B78C6D900FE66DD /* SkhdCheatSheetUITestsLaunchTests.swift in Sources */,
				E995E08F2B78C6D900FE66DD /* SkhdCheatSheetUITests.swift in Sources */,
			);
			runOnlyForDeploymentPostprocessing = 0;
		};
/* End PBXSourcesBuildPhase section */

/* Begin PBXTargetDependency section */
		E995E0822B78C6D900FE66DD /* PBXTargetDependency */ = {
			isa = PBXTargetDependency;
			target = E995E06C2B78C6D700FE66DD /* SkhdCheatSheet */;
			targetProxy = E995E0812B78C6D900FE66DD /* PBXContainerItemProxy */;
		};
		E995E08C2B78C6D900FE66DD /* PBXTargetDependency */ = {
			isa = PBXTargetDependency;
			target = E995E06C2B78C6D700FE66DD /* SkhdCheatSheet */;
			targetProxy = E995E08B2B78C6D900FE66DD /* PBXContainerItemProxy */;
		};
/* End PBXTargetDependency section */

/* Begin XCBuildConfiguration section */
		E995E0922B78C6D900FE66DD /* Debug */ = {
			isa = XCBuildConfiguration;
			buildSettings = {
				ALWAYS_SEARCH_USER_PATHS = NO;
				ASSETCATALOG_COMPILER_GENERATE_SWIFT_ASSET_SYMBOL_EXTENSIONS = YES;
				CLANG_ANALYZER_NONNULL = YES;
				CLANG_ANALYZER_NUMBER_OBJECT_CONVERSION = YES_AGGRESSIVE;
				CLANG_CXX_LANGUAGE_STANDARD = "gnu++20";
				CLANG_ENABLE_MODULES = YES;
				CLANG_ENABLE_OBJC_ARC = YES;
				CLANG_ENABLE_OBJC_WEAK = YES;
				CLANG_WARN_BLOCK_CAPTURE_AUTORELEASING = YES;
				CLANG_WARN_BOOL_CONVERSION = YES;
				CLANG_WARN_COMMA = YES;
				CLANG_WARN_CONSTANT_CONVERSION = YES;
				CLANG_WARN_DEPRECATED_OBJC_IMPLEMENTATIONS = YES;
				CLANG_WARN_DIRECT_OBJC_ISA_USAGE = YES_ERROR;
				CLANG_WARN_DOCUMENTATION_COMMENTS = YES;
				CLANG_WARN_EMPTY_BODY = YES;
				CLANG_WARN_ENUM_CONVERSION = YES;
				CLANG_WARN_INFINITE_RECURSION = YES;
				CLANG_WARN_INT_CONVERSION = YES;
				CLANG_WARN_NON_LITERAL_NULL_CONVERSION = YES;
				CLANG_WARN_OBJC_IMPLICIT_RETAIN_SELF = YES;
				CLANG_WARN_OBJC_LITERAL_CONVERSION = YES;
				CLANG_WARN_OBJC_ROOT_CLASS = YES_ERROR;
				CLANG_WARN_QUOTED_INCLUDE_IN_FRAMEWORK_HEADER = YES;
				CLANG_WARN_RANGE_LOOP_ANALYSIS = YES;
				CLANG_WARN_STRICT_PROTOTYPES = YES;
				CLANG_WARN_SUSPICIOUS_MOVE = YES;
				CLANG_WARN_UNGUARDED_AVAILABILITY = YES_AGGRESSIVE;
				CLANG_WARN_UNREACHABLE_CODE = YES;
				CLANG_WARN__DUPLICATE_METHOD_MATCH = YES;
				COPY_PHASE_STRIP = NO;
				DEBUG_INFORMATION_FORMAT = dwarf;
				ENABLE_STRICT_OBJC_MSGSEND = YES;
				ENABLE_TESTABILITY = YES;
				ENABLE_USER_SCRIPT_SANDBOXING = YES;
				GCC_C_LANGUAGE_STANDARD = gnu17;
				GCC_DYNAMIC_NO_PIC = NO;
				GCC_NO_COMMON_BLOCKS = YES;
				GCC_OPTIMIZATION_LEVEL = 0;
				GCC_PREPROCESSOR_DEFINITIONS = (
					"DEBUG=1",
					"$(inherited)",
				);
				GCC_WARN_64_TO_32_BIT_CONVERSION = YES;
				GCC_WARN_ABOUT_RETURN_TYPE = YES_ERROR;
				GCC_WARN_UNDECLARED_SELECTOR = YES;
				GCC_WARN_UNINITIALIZED_AUTOS = YES_AGGRESSIVE;
				GCC_WARN_UNUSED_FUNCTION = YES;
				GCC_WARN_UNUSED_VARIABLE = YES;
				LOCALIZATION_PREFERS_STRING_CATALOGS = YES;
				MACOSX_DEPLOYMENT_TARGET = 14.1;
				MTL_ENABLE_DEBUG_INFO = INCLUDE_SOURCE;
				MTL_FAST_MATH = YES;
				ONLY_ACTIVE_ARCH = YES;
				SDKROOT = macosx;
				SWIFT_ACTIVE_COMPILATION_CONDITIONS = "DEBUG $(inherited)";
				SWIFT_OPTIMIZATION_LEVEL = "-Onone";
			};
			name = Debug;
		};
		E995E0932B78C6D900FE66DD /* Release */ = {
			isa = XCBuildConfiguration;
			buildSettings = {
				ALWAYS_SEARCH_USER_PATHS = NO;
				ASSETCATALOG_COMPILER_GENERATE_SWIFT_ASSET_SYMBOL_EXTENSIONS = YES;
				CLANG_ANALYZER_NONNULL = YES;
				CLANG_ANALYZER_NUMBER_OBJECT_CONVERSION = YES_AGGRESSIVE;
				CLANG_CXX_LANGUAGE_STANDARD = "gnu++20";
				CLANG_ENABLE_MODULES = YES;
				CLANG_ENABLE_OBJC_ARC = YES;
				CLANG_ENABLE_OBJC_WEAK = YES;
				CLANG_WARN_BLOCK_CAPTURE_AUTORELEASING = YES;
				CLANG_WARN_BOOL_CONVERSION = YES;
				CLANG_WARN_COMMA = YES;
				CLANG_WARN_CONSTANT_CONVERSION = YES;
				CLANG_WARN_DEPRECATED_OBJC_IMPLEMENTATIONS = YES;
				CLANG_WARN_DIRECT_OBJC_ISA_USAGE = YES_ERROR;
				CLANG_WARN_DOCUMENTATION_COMMENTS = YES;
				CLANG_WARN_EMPTY_BODY = YES;
				CLANG_WARN_ENUM_CONVERSION = YES;
				CLANG_WARN_INFINITE_RECURSION = YES;
				CLANG_WARN_INT_CONVERSION = YES;
				CLANG_WARN_NON_LITERAL_NULL_CONVERSION = YES;
				CLANG_WARN_OBJC_IMPLICIT_RETAIN_SELF = YES;
				CLANG_WARN_OBJC_LITERAL_CONVERSION = YES;
				CLANG_WARN_OBJC_ROOT_CLASS = YES_ERROR;
				CLANG_WARN_QUOTED_INCLUDE_IN_FRAMEWORK_HEADER = YES;
				CLANG_WARN_RANGE_LOOP_ANALYSIS = YES;
				CLANG_WARN_STRICT_PROTOTYPES = YES;
				CLANG_WARN_SUSPICIOUS_MOVE = YES;
				CLANG_WARN_UNGUARDED_AVAILABILITY = YES_AGGRESSIVE;
				CLANG_WARN_UNREACHABLE_CODE = YES;
				CLANG_WARN__DUPLICATE_METHOD_MATCH = YES;
				COPY_PHASE_STRIP = NO;
				DEBUG_INFORMATION_FORMAT = "dwarf-with-dsym";
				ENABLE_NS_ASSERTIONS = NO;
				ENABLE_STRICT_OBJC_MSGSEND = YES;
				ENABLE_USER_SCRIPT_SANDBOXING = YES;
				GCC_C_LANGUAGE_STANDARD = gnu17;
				GCC_NO_COMMON_BLOCKS = YES;
				GCC_WARN_64_TO_32_BIT_CONVERSION = YES;
				GCC_WARN_ABOUT_RETURN_TYPE = YES_ERROR;
				GCC_WARN_UNDECLARED_SELECTOR = YES;
				GCC_WARN_UNINITIALIZED_AUTOS = YES_AGGRESSIVE;
				GCC_WARN_UNUSED_FUNCTION = YES;
				GCC_WARN_UNUSED_VARIABLE = YES;
				LOCALIZATION_PREFERS_STRING_CATALOGS = YES;
				MACOSX_DEPLOYMENT_TARGET = 14.1;
				MTL_ENABLE_DEBUG_INFO = NO;
				MTL_FAST_MATH = YES;
				SDKROOT = macosx;
				SWIFT_COMPILATION_MODE = wholemodule;
			};
			name = Release;
		};
		E995E0952B78C6D900FE66DD /* Debug */ = {
			isa = XCBuildConfiguration;
			buildSettings = {
				ASSETCATALOG_COMPILER_APPICON_NAME = AppIcon;
				ASSETCATALOG_COMPILER_GLOBAL_ACCENT_COLOR_NAME = AccentColor;
				CODE_SIGN_ENTITLEMENTS = SkhdCheatSheet/SkhdCheatSheet.entitlements;
				CODE_SIGN_STYLE = Automatic;
				COMBINE_HIDPI_IMAGES = YES;
				CURRENT_PROJECT_VERSION = 1;
				DEVELOPMENT_ASSET_PATHS = "\"SkhdCheatSheet/Preview Content\"";
				DEVELOPMENT_TEAM = UT36BX8SNM;
				ENABLE_HARDENED_RUNTIME = YES;
				ENABLE_PREVIEWS = YES;
				GENERATE_INFOPLIST_FILE = YES;
				INFOPLIST_KEY_NSHumanReadableCopyright = "";
				LD_RUNPATH_SEARCH_PATHS = (
					"$(inherited)",
					"@executable_path/../Frameworks",
				);
				MACOSX_DEPLOYMENT_TARGET = 14.0;
				MARKETING_VERSION = 1.0;
				PRODUCT_BUNDLE_IDENTIFIER = TDG.SkhdCheatSheet;
				PRODUCT_NAME = "$(TARGET_NAME)";
				SWIFT_EMIT_LOC_STRINGS = YES;
				SWIFT_VERSION = 5.0;
			};
			name = Debug;
		};
		E995E0962B78C6D900FE66DD /* Release */ = {
			isa = XCBuildConfiguration;
			buildSettings = {
				ASSETCATALOG_COMPILER_APPICON_NAME = AppIcon;
				ASSETCATALOG_COMPILER_GLOBAL_ACCENT_COLOR_NAME = AccentColor;
				CODE_SIGN_ENTITLEMENTS = SkhdCheatSheet/SkhdCheatSheet.entitlements;
				CODE_SIGN_STYLE = Automatic;
				COMBINE_HIDPI_IMAGES = YES;
				CURRENT_PROJECT_VERSION = 1;
				DEVELOPMENT_ASSET_PATHS = "\"SkhdCheatSheet/Preview Content\"";
				DEVELOPMENT_TEAM = UT36BX8SNM;
				ENABLE_HARDENED_RUNTIME = YES;
				ENABLE_PREVIEWS = YES;
				GENERATE_INFOPLIST_FILE = YES;
				INFOPLIST_KEY_NSHumanReadableCopyright = "";
				LD_RUNPATH_SEARCH_PATHS = (
					"$(inherited)",
					"@executable_path/../Frameworks",
				);
				MACOSX_DEPLOYMENT_TARGET = 14.0;
				MARKETING_VERSION = 1.0;
				PRODUCT_BUNDLE_IDENTIFIER = TDG.SkhdCheatSheet;
				PRODUCT_NAME = "$(TARGET_NAME)";
				SWIFT_EMIT_LOC_STRINGS = YES;
				SWIFT_VERSION = 5.0;
			};
			name = Release;
		};
		E995E0982B78C6D900FE66DD /* Debug */ = {
			isa = XCBuildConfiguration;
			buildSettings = {
				ALWAYS_EMBED_SWIFT_STANDARD_LIBRARIES = YES;
				BUNDLE_LOADER = "$(TEST_HOST)";
				CODE_SIGN_STYLE = Automatic;
				CURRENT_PROJECT_VERSION = 1;
				DEVELOPMENT_TEAM = UT36BX8SNM;
				GENERATE_INFOPLIST_FILE = YES;
				MACOSX_DEPLOYMENT_TARGET = 14.0;
				MARKETING_VERSION = 1.0;
				PRODUCT_BUNDLE_IDENTIFIER = TDG.SkhdCheatSheetTests;
				PRODUCT_NAME = "$(TARGET_NAME)";
				SWIFT_EMIT_LOC_STRINGS = NO;
				SWIFT_VERSION = 5.0;
				TEST_HOST = "$(BUILT_PRODUCTS_DIR)/SkhdCheatSheet.app/$(BUNDLE_EXECUTABLE_FOLDER_PATH)/SkhdCheatSheet";
			};
			name = Debug;
		};
		E995E0992B78C6D900FE66DD /* Release */ = {
			isa = XCBuildConfiguration;
			buildSettings = {
				ALWAYS_EMBED_SWIFT_STANDARD_LIBRARIES = YES;
				BUNDLE_LOADER = "$(TEST_HOST)";
				CODE_SIGN_STYLE = Automatic;
				CURRENT_PROJECT_VERSION = 1;
				DEVELOPMENT_TEAM = UT36BX8SNM;
				GENERATE_INFOPLIST_FILE = YES;
				MACOSX_DEPLOYMENT_TARGET = 14.0;
				MARKETING_VERSION = 1.0;
				PRODUCT_BUNDLE_IDENTIFIER = TDG.SkhdCheatSheetTests;
				PRODUCT_NAME = "$(TARGET_NAME)";
				SWIFT_EMIT_LOC_STRINGS = NO;
				SWIFT_VERSION = 5.0;
				TEST_HOST = "$(BUILT_PRODUCTS_DIR)/SkhdCheatSheet.app/$(BUNDLE_EXECUTABLE_FOLDER_PATH)/SkhdCheatSheet";
			};
			name = Release;
		};
		E995E09B2B78C6D900FE66DD /* Debug */ = {
			isa = XCBuildConfiguration;
			buildSettings = {
				ALWAYS_EMBED_SWIFT_STANDARD_LIBRARIES = YES;
				CODE_SIGN_STYLE = Automatic;
				CURRENT_PROJECT_VERSION = 1;
				DEVELOPMENT_TEAM = UT36BX8SNM;
				GENERATE_INFOPLIST_FILE = YES;
				MARKETING_VERSION = 1.0;
				PRODUCT_BUNDLE_IDENTIFIER = TDG.SkhdCheatSheetUITests;
				PRODUCT_NAME = "$(TARGET_NAME)";
				SWIFT_EMIT_LOC_STRINGS = NO;
				SWIFT_VERSION = 5.0;
				TEST_TARGET_NAME = SkhdCheatSheet;
			};
			name = Debug;
		};
		E995E09C2B78C6D900FE66DD /* Release */ = {
			isa = XCBuildConfiguration;
			buildSettings = {
				ALWAYS_EMBED_SWIFT_STANDARD_LIBRARIES = YES;
				CODE_SIGN_STYLE = Automatic;
				CURRENT_PROJECT_VERSION = 1;
				DEVELOPMENT_TEAM = UT36BX8SNM;
				GENERATE_INFOPLIST_FILE = YES;
				MARKETING_VERSION = 1.0;
				PRODUCT_BUNDLE_IDENTIFIER = TDG.SkhdCheatSheetUITests;
				PRODUCT_NAME = "$(TARGET_NAME)";
				SWIFT_EMIT_LOC_STRINGS = NO;
				SWIFT_VERSION = 5.0;
				TEST_TARGET_NAME = SkhdCheatSheet;
			};
			name = Release;
		};
/* End XCBuildConfiguration section */

/* Begin XCConfigurationList section */
		E995E0682B78C6D700FE66DD /* Build configuration list for PBXProject "SkhdCheatSheet" */ = {
			isa = XCConfigurationList;
			buildConfigurations = (
				E995E0922B78C6D900FE66DD /* Debug */,
				E995E0932B78C6D900FE66DD /* Release */,
			);
			defaultConfigurationIsVisible = 0;
			defaultConfigurationName = Release;
		};
		E995E0942B78C6D900FE66DD /* Build configuration list for PBXNativeTarget "SkhdCheatSheet" */ = {
			isa = XCConfigurationList;
			buildConfigurations = (
				E995E0952B78C6D900FE66DD /* Debug */,
				E995E0962B78C6D900FE66DD /* Release */,
			);
			defaultConfigurationIsVisible = 0;
			defaultConfigurationName = Release;
		};
		E995E0972B78C6D900FE66DD /* Build configuration list for PBXNativeTarget "SkhdCheatSheetTests" */ = {
			isa = XCConfigurationList;
			buildConfigurations = (
				E995E0982B78C6D900FE66DD /* Debug */,
				E995E0992B78C6D900FE66DD /* Release */,
			);
			defaultConfigurationIsVisible = 0;
			defaultConfigurationName = Release;
		};
		E995E09A2B78C6D900FE66DD /* Build configuration list for PBXNativeTarget "SkhdCheatSheetUITests" */ = {
			isa = XCConfigurationList;
			buildConfigurations = (
				E995E09B2B78C6D900FE66DD /* Debug */,
				E995E09C2B78C6D900FE66DD /* Release */,
			);
			defaultConfigurationIsVisible = 0;
			defaultConfigurationName = Release;
		};
/* End XCConfigurationList section */
	};
	rootObject = E995E0652B78C6D700FE66DD /* Project object */;
}
